// !$*UTF8*$!
{
	archiveVersion = 1;
	classes = {
	};
	objectVersion = 46;
	objects = {

/* Begin PBXBuildFile section */
		D5D2738F1EE4CD21005BA456 /* AppDelegate.swift in Sources */ = {isa = PBXBuildFile; fileRef = D5D2738E1EE4CD21005BA456 /* AppDelegate.swift */; };
		D5D273911EE4CD22005BA456 /* MainVC.swift in Sources */ = {isa = PBXBuildFile; fileRef = D5D273901EE4CD22005BA456 /* MainVC.swift */; };
		D5D273941EE4CD2A005BA456 /* Main.storyboard in Resources */ = {isa = PBXBuildFile; fileRef = D5D273921EE4CD2A005BA456 /* Main.storyboard */; };
		D5D273971EE4CD3B005BA456 /* DreamLister.xcdatamodeld in Sources */ = {isa = PBXBuildFile; fileRef = D5D273951EE4CD37005BA456 /* DreamLister.xcdatamodeld */; };
		D5D273991EE4CD3F005BA456 /* Assets.xcassets in Resources */ = {isa = PBXBuildFile; fileRef = D5D273981EE4CD3F005BA456 /* Assets.xcassets */; };
		D5D2739C1EE4CD44005BA456 /* LaunchScreen.storyboard in Resources */ = {isa = PBXBuildFile; fileRef = D5D2739A1EE4CD44005BA456 /* LaunchScreen.storyboard */; };
		DA2299991EF46F8800A288A3 /* Store+CoreDataClass.swift in Sources */ = {isa = PBXBuildFile; fileRef = DA2299911EF46F8800A288A3 /* Store+CoreDataClass.swift */; };
		DA22999A1EF46F8800A288A3 /* Store+CoreDataProperties.swift in Sources */ = {isa = PBXBuildFile; fileRef = DA2299921EF46F8800A288A3 /* Store+CoreDataProperties.swift */; };
		DA22999B1EF46F8800A288A3 /* Item+CoreDataClass.swift in Sources */ = {isa = PBXBuildFile; fileRef = DA2299931EF46F8800A288A3 /* Item+CoreDataClass.swift */; };
		DA22999C1EF46F8800A288A3 /* Item+CoreDataProperties.swift in Sources */ = {isa = PBXBuildFile; fileRef = DA2299941EF46F8800A288A3 /* Item+CoreDataProperties.swift */; };
		DA22999D1EF46F8800A288A3 /* ItemType+CoreDataClass.swift in Sources */ = {isa = PBXBuildFile; fileRef = DA2299951EF46F8800A288A3 /* ItemType+CoreDataClass.swift */; };
		DA22999E1EF46F8800A288A3 /* ItemType+CoreDataProperties.swift in Sources */ = {isa = PBXBuildFile; fileRef = DA2299961EF46F8800A288A3 /* ItemType+CoreDataProperties.swift */; };
		DA22999F1EF46F8800A288A3 /* Image+CoreDataClass.swift in Sources */ = {isa = PBXBuildFile; fileRef = DA2299971EF46F8800A288A3 /* Image+CoreDataClass.swift */; };
		DA2299A01EF46F8800A288A3 /* Image+CoreDataProperties.swift in Sources */ = {isa = PBXBuildFile; fileRef = DA2299981EF46F8800A288A3 /* Image+CoreDataProperties.swift */; };
/* End PBXBuildFile section */

/* Begin PBXFileReference section */
		D5D2738B1EE4CD1A005BA456 /* DreamLister.app */ = {isa = PBXFileReference; explicitFileType = wrapper.application; includeInIndex = 0; path = DreamLister.app; sourceTree = BUILT_PRODUCTS_DIR; };
		D5D2738E1EE4CD21005BA456 /* AppDelegate.swift */ = {isa = PBXFileReference; lastKnownFileType = sourcecode.swift; path = AppDelegate.swift; sourceTree = "<group>"; };
		D5D273901EE4CD22005BA456 /* MainVC.swift */ = {isa = PBXFileReference; lastKnownFileType = sourcecode.swift; path = MainVC.swift; sourceTree = "<group>"; };
		D5D273931EE4CD2A005BA456 /* Base */ = {isa = PBXFileReference; lastKnownFileType = file.storyboard; name = Base; path = Base.lproj/Main.storyboard; sourceTree = "<group>"; };
		D5D273961EE4CD38005BA456 /* DreamLister.xcdatamodel */ = {isa = PBXFileReference; lastKnownFileType = wrapper.xcdatamodel; path = DreamLister.xcdatamodel; sourceTree = "<group>"; };
		D5D273981EE4CD3F005BA456 /* Assets.xcassets */ = {isa = PBXFileReference; lastKnownFileType = folder.assetcatalog; path = Assets.xcassets; sourceTree = "<group>"; };
		D5D2739B1EE4CD44005BA456 /* Base */ = {isa = PBXFileReference; lastKnownFileType = file.storyboard; name = Base; path = Base.lproj/LaunchScreen.storyboard; sourceTree = "<group>"; };
		D5D2739D1EE4CD50005BA456 /* Info.plist */ = {isa = PBXFileReference; lastKnownFileType = text.plist.xml; path = Info.plist; sourceTree = "<group>"; };
		DA2299911EF46F8800A288A3 /* Store+CoreDataClass.swift */ = {isa = PBXFileReference; lastKnownFileType = sourcecode.swift; path = "Store+CoreDataClass.swift"; sourceTree = "<group>"; };
		DA2299921EF46F8800A288A3 /* Store+CoreDataProperties.swift */ = {isa = PBXFileReference; lastKnownFileType = sourcecode.swift; path = "Store+CoreDataProperties.swift"; sourceTree = "<group>"; };
		DA2299931EF46F8800A288A3 /* Item+CoreDataClass.swift */ = {isa = PBXFileReference; lastKnownFileType = sourcecode.swift; path = "Item+CoreDataClass.swift"; sourceTree = "<group>"; };
		DA2299941EF46F8800A288A3 /* Item+CoreDataProperties.swift */ = {isa = PBXFileReference; lastKnownFileType = sourcecode.swift; path = "Item+CoreDataProperties.swift"; sourceTree = "<group>"; };
		DA2299951EF46F8800A288A3 /* ItemType+CoreDataClass.swift */ = {isa = PBXFileReference; lastKnownFileType = sourcecode.swift; path = "ItemType+CoreDataClass.swift"; sourceTree = "<group>"; };
		DA2299961EF46F8800A288A3 /* ItemType+CoreDataProperties.swift */ = {isa = PBXFileReference; lastKnownFileType = sourcecode.swift; path = "ItemType+CoreDataProperties.swift"; sourceTree = "<group>"; };
		DA2299971EF46F8800A288A3 /* Image+CoreDataClass.swift */ = {isa = PBXFileReference; lastKnownFileType = sourcecode.swift; path = "Image+CoreDataClass.swift"; sourceTree = "<group>"; };
		DA2299981EF46F8800A288A3 /* Image+CoreDataProperties.swift */ = {isa = PBXFileReference; lastKnownFileType = sourcecode.swift; path = "Image+CoreDataProperties.swift"; sourceTree = "<group>"; };
/* End PBXFileReference section */

/* Begin PBXFrameworksBuildPhase section */
		D5D273881EE4CD1A005BA456 /* Frameworks */ = {
			isa = PBXFrameworksBuildPhase;
			buildActionMask = 2147483647;
			files = (
			);
			runOnlyForDeploymentPostprocessing = 0;
		};
/* End PBXFrameworksBuildPhase section */

/* Begin PBXGroup section */
		D5D273821EE4CD19005BA456 = {
			isa = PBXGroup;
			children = (
				D5D2738D1EE4CD1A005BA456 /* DreamLister */,
				D5D2738C1EE4CD1A005BA456 /* Products */,
			);
			sourceTree = "<group>";
		};
		D5D2738C1EE4CD1A005BA456 /* Products */ = {
			isa = PBXGroup;
			children = (
				D5D2738B1EE4CD1A005BA456 /* DreamLister.app */,
			);
			name = Products;
			sourceTree = "<group>";
		};
		D5D2738D1EE4CD1A005BA456 /* DreamLister */ = {
			isa = PBXGroup;
			children = (
				DA2299A11EF4700300A288A3 /* Model */,
				D5D2738E1EE4CD21005BA456 /* AppDelegate.swift */,
				D5D273901EE4CD22005BA456 /* MainVC.swift */,
				D5D273921EE4CD2A005BA456 /* Main.storyboard */,
				D5D273981EE4CD3F005BA456 /* Assets.xcassets */,
				D5D2739A1EE4CD44005BA456 /* LaunchScreen.storyboard */,
				D5D2739D1EE4CD50005BA456 /* Info.plist */,
				D5D273951EE4CD37005BA456 /* DreamLister.xcdatamodeld */,
			);
			path = DreamLister;
			sourceTree = "<group>";
		};
		DA2299A11EF4700300A288A3 /* Model */ = {
			isa = PBXGroup;
			children = (
				DA2299971EF46F8800A288A3 /* Image+CoreDataClass.swift */,
				DA2299951EF46F8800A288A3 /* ItemType+CoreDataClass.swift */,
				DA2299911EF46F8800A288A3 /* Store+CoreDataClass.swift */,
				DA2299931EF46F8800A288A3 /* Item+CoreDataClass.swift */,
				DA2299A21EF4700C00A288A3 /* Generated */,
			);
			path = Model;
			sourceTree = "<group>";
		};
		DA2299A21EF4700C00A288A3 /* Generated */ = {
			isa = PBXGroup;
			children = (
				DA2299921EF46F8800A288A3 /* Store+CoreDataProperties.swift */,
				DA2299941EF46F8800A288A3 /* Item+CoreDataProperties.swift */,
				DA2299961EF46F8800A288A3 /* ItemType+CoreDataProperties.swift */,
				DA2299981EF46F8800A288A3 /* Image+CoreDataProperties.swift */,
			);
			path = Generated;
			sourceTree = "<group>";
		};
/* End PBXGroup section */

/* Begin PBXNativeTarget section */
		D5D2738A1EE4CD1A005BA456 /* DreamLister */ = {
			isa = PBXNativeTarget;
			buildConfigurationList = D5D273A01EE4CD50005BA456 /* Build configuration list for PBXNativeTarget "DreamLister" */;
			buildPhases = (
				D5D273871EE4CD1A005BA456 /* Sources */,
				D5D273881EE4CD1A005BA456 /* Frameworks */,
				D5D273891EE4CD1A005BA456 /* Resources */,
			);
			buildRules = (
			);
			dependencies = (
			);
			name = DreamLister;
			productName = DreamLister;
			productReference = D5D2738B1EE4CD1A005BA456 /* DreamLister.app */;
			productType = "com.apple.product-type.application";
		};
/* End PBXNativeTarget section */

/* Begin PBXProject section */
		D5D273831EE4CD19005BA456 /* Project object */ = {
			isa = PBXProject;
			attributes = {
				LastSwiftUpdateCheck = 0830;
				LastUpgradeCheck = 0830;
				ORGANIZATIONNAME = "Laren Sakota";
				TargetAttributes = {
					D5D2738A1EE4CD1A005BA456 = {
						CreatedOnToolsVersion = 8.3.2;
						DevelopmentTeam = 68FLA3XZ62;
						ProvisioningStyle = Automatic;
					};
				};
			};
			buildConfigurationList = D5D273861EE4CD19005BA456 /* Build configuration list for PBXProject "DreamLister" */;
			compatibilityVersion = "Xcode 3.2";
			developmentRegion = English;
			hasScannedForEncodings = 0;
			knownRegions = (
				en,
				Base,
			);
			mainGroup = D5D273821EE4CD19005BA456;
			productRefGroup = D5D2738C1EE4CD1A005BA456 /* Products */;
			projectDirPath = "";
			projectRoot = "";
			targets = (
				D5D2738A1EE4CD1A005BA456 /* DreamLister */,
			);
		};
/* End PBXProject section */

/* Begin PBXResourcesBuildPhase section */
		D5D273891EE4CD1A005BA456 /* Resources */ = {
			isa = PBXResourcesBuildPhase;
			buildActionMask = 2147483647;
			files = (
				D5D2739C1EE4CD44005BA456 /* LaunchScreen.storyboard in Resources */,
				D5D273991EE4CD3F005BA456 /* Assets.xcassets in Resources */,
				D5D273941EE4CD2A005BA456 /* Main.storyboard in Resources */,
			);
			runOnlyForDeploymentPostprocessing = 0;
		};
/* End PBXResourcesBuildPhase section */

/* Begin PBXSourcesBuildPhase section */
		D5D273871EE4CD1A005BA456 /* Sources */ = {
			isa = PBXSourcesBuildPhase;
			buildActionMask = 2147483647;
			files = (
				DA22999C1EF46F8800A288A3 /* Item+CoreDataProperties.swift in Sources */,
				DA22999B1EF46F8800A288A3 /* Item+CoreDataClass.swift in Sources */,
				DA22999E1EF46F8800A288A3 /* ItemType+CoreDataProperties.swift in Sources */,
				DA22999A1EF46F8800A288A3 /* Store+CoreDataProperties.swift in Sources */,
				D5D273911EE4CD22005BA456 /* MainVC.swift in Sources */,
				DA22999D1EF46F8800A288A3 /* ItemType+CoreDataClass.swift in Sources */,
				DA2299991EF46F8800A288A3 /* Store+CoreDataClass.swift in Sources */,
				D5D2738F1EE4CD21005BA456 /* AppDelegate.swift in Sources */,
				D5D273971EE4CD3B005BA456 /* DreamLister.xcdatamodeld in Sources */,
				DA22999F1EF46F8800A288A3 /* Image+CoreDataClass.swift in Sources */,
				DA2299A01EF46F8800A288A3 /* Image+CoreDataProperties.swift in Sources */,
			);
			runOnlyForDeploymentPostprocessing = 0;
		};
/* End PBXSourcesBuildPhase section */

/* Begin PBXVariantGroup section */
		D5D273921EE4CD2A005BA456 /* Main.storyboard */ = {
			isa = PBXVariantGroup;
			children = (
				D5D273931EE4CD2A005BA456 /* Base */,
			);
			name = Main.storyboard;
			sourceTree = "<group>";
		};
		D5D2739A1EE4CD44005BA456 /* LaunchScreen.storyboard */ = {
			isa = PBXVariantGroup;
			children = (
				D5D2739B1EE4CD44005BA456 /* Base */,
			);
			name = LaunchScreen.storyboard;
			sourceTree = "<group>";
		};
/* End PBXVariantGroup section */

/* Begin XCBuildConfiguration section */
		D5D2739E1EE4CD50005BA456 /* Debug */ = {
			isa = XCBuildConfiguration;
			buildSettings = {
				ALWAYS_SEARCH_USER_PATHS = NO;
				CLANG_ANALYZER_NONNULL = YES;
				CLANG_ANALYZER_NUMBER_OBJECT_CONVERSION = YES_AGGRESSIVE;
				CLANG_CXX_LANGUAGE_STANDARD = "gnu++0x";
				CLANG_CXX_LIBRARY = "libc++";
				CLANG_ENABLE_MODULES = YES;
				CLANG_ENABLE_OBJC_ARC = YES;
				CLANG_WARN_BOOL_CONVERSION = YES;
				CLANG_WARN_CONSTANT_CONVERSION = YES;
				CLANG_WARN_DIRECT_OBJC_ISA_USAGE = YES_ERROR;
				CLANG_WARN_DOCUMENTATION_COMMENTS = YES;
				CLANG_WARN_EMPTY_BODY = YES;
				CLANG_WARN_ENUM_CONVERSION = YES;
				CLANG_WARN_INFINITE_RECURSION = YES;
				CLANG_WARN_INT_CONVERSION = YES;
				CLANG_WARN_OBJC_ROOT_CLASS = YES_ERROR;
				CLANG_WARN_SUSPICIOUS_MOVE = YES;
				CLANG_WARN_UNREACHABLE_CODE = YES;
				CLANG_WARN__DUPLICATE_METHOD_MATCH = YES;
				"CODE_SIGN_IDENTITY[sdk=iphoneos*]" = "iPhone Developer";
				COPY_PHASE_STRIP = NO;
				DEBUG_INFORMATION_FORMAT = dwarf;
				ENABLE_STRICT_OBJC_MSGSEND = YES;
				ENABLE_TESTABILITY = YES;
				GCC_C_LANGUAGE_STANDARD = gnu99;
				GCC_DYNAMIC_NO_PIC = NO;
				GCC_NO_COMMON_BLOCKS = YES;
				GCC_OPTIMIZATION_LEVEL = 0;
				GCC_PREPROCESSOR_DEFINITIONS = (
					"DEBUG=1",
					"$(inherited)",
				);
				GCC_WARN_64_TO_32_BIT_CONVERSION = YES;
				GCC_WARN_ABOUT_RETURN_TYPE = YES_ERROR;
				GCC_WARN_UNDECLARED_SELECTOR = YES;
				GCC_WARN_UNINITIALIZED_AUTOS = YES_AGGRESSIVE;
				GCC_WARN_UNUSED_FUNCTION = YES;
				GCC_WARN_UNUSED_VARIABLE = YES;
				IPHONEOS_DEPLOYMENT_TARGET = 10.3;
				MTL_ENABLE_DEBUG_INFO = YES;
				ONLY_ACTIVE_ARCH = YES;
				SDKROOT = iphoneos;
				SWIFT_ACTIVE_COMPILATION_CONDITIONS = DEBUG;
				SWIFT_OPTIMIZATION_LEVEL = "-Onone";
				TARGETED_DEVICE_FAMILY = "1,2";
			};
			name = Debug;
		};
		D5D2739F1EE4CD50005BA456 /* Release */ = {
			isa = XCBuildConfiguration;
			buildSettings = {
				ALWAYS_SEARCH_USER_PATHS = NO;
				CLANG_ANALYZER_NONNULL = YES;
				CLANG_ANALYZER_NUMBER_OBJECT_CONVERSION = YES_AGGRESSIVE;
				CLANG_CXX_LANGUAGE_STANDARD = "gnu++0x";
				CLANG_CXX_LIBRARY = "libc++";
				CLANG_ENABLE_MODULES = YES;
				CLANG_ENABLE_OBJC_ARC = YES;
				CLANG_WARN_BOOL_CONVERSION = YES;
				CLANG_WARN_CONSTANT_CONVERSION = YES;
				CLANG_WARN_DIRECT_OBJC_ISA_USAGE = YES_ERROR;
				CLANG_WARN_DOCUMENTATION_COMMENTS = YES;
				CLANG_WARN_EMPTY_BODY = YES;
				CLANG_WARN_ENUM_CONVERSION = YES;
				CLANG_WARN_INFINITE_RECURSION = YES;
				CLANG_WARN_INT_CONVERSION = YES;
				CLANG_WARN_OBJC_ROOT_CLASS = YES_ERROR;
				CLANG_WARN_SUSPICIOUS_MOVE = YES;
				CLANG_WARN_UNREACHABLE_CODE = YES;
				CLANG_WARN__DUPLICATE_METHOD_MATCH = YES;
				"CODE_SIGN_IDENTITY[sdk=iphoneos*]" = "iPhone Developer";
				COPY_PHASE_STRIP = NO;
				DEBUG_INFORMATION_FORMAT = "dwarf-with-dsym";
				ENABLE_NS_ASSERTIONS = NO;
				ENABLE_STRICT_OBJC_MSGSEND = YES;
				GCC_C_LANGUAGE_STANDARD = gnu99;
				GCC_NO_COMMON_BLOCKS = YES;
				GCC_WARN_64_TO_32_BIT_CONVERSION = YES;
				GCC_WARN_ABOUT_RETURN_TYPE = YES_ERROR;
				GCC_WARN_UNDECLARED_SELECTOR = YES;
				GCC_WARN_UNINITIALIZED_AUTOS = YES_AGGRESSIVE;
				GCC_WARN_UNUSED_FUNCTION = YES;
				GCC_WARN_UNUSED_VARIABLE = YES;
				IPHONEOS_DEPLOYMENT_TARGET = 10.3;
				MTL_ENABLE_DEBUG_INFO = NO;
				SDKROOT = iphoneos;
				SWIFT_OPTIMIZATION_LEVEL = "-Owholemodule";
				TARGETED_DEVICE_FAMILY = "1,2";
				VALIDATE_PRODUCT = YES;
			};
			name = Release;
		};
		D5D273A11EE4CD50005BA456 /* Debug */ = {
			isa = XCBuildConfiguration;
			buildSettings = {
				ASSETCATALOG_COMPILER_APPICON_NAME = AppIcon;
				DEVELOPMENT_TEAM = 68FLA3XZ62;
				INFOPLIST_FILE = DreamLister/Info.plist;
				LD_RUNPATH_SEARCH_PATHS = "$(inherited) @executable_path/Frameworks";
				PRODUCT_BUNDLE_IDENTIFIER = com.321Go.DreamLister;
				PRODUCT_NAME = "$(TARGET_NAME)";
				SWIFT_VERSION = 3.0;
			};
			name = Debug;
		};
		D5D273A21EE4CD50005BA456 /* Release */ = {
			isa = XCBuildConfiguration;
			buildSettings = {
				ASSETCATALOG_COMPILER_APPICON_NAME = AppIcon;
				DEVELOPMENT_TEAM = 68FLA3XZ62;
				INFOPLIST_FILE = DreamLister/Info.plist;
				LD_RUNPATH_SEARCH_PATHS = "$(inherited) @executable_path/Frameworks";
				PRODUCT_BUNDLE_IDENTIFIER = com.321Go.DreamLister;
				PRODUCT_NAME = "$(TARGET_NAME)";
				SWIFT_VERSION = 3.0;
			};
			name = Release;
		};
/* End XCBuildConfiguration section */

/* Begin XCConfigurationList section */
		D5D273861EE4CD19005BA456 /* Build configuration list for PBXProject "DreamLister" */ = {
			isa = XCConfigurationList;
			buildConfigurations = (
				D5D2739E1EE4CD50005BA456 /* Debug */,
				D5D2739F1EE4CD50005BA456 /* Release */,
			);
			defaultConfigurationIsVisible = 0;
			defaultConfigurationName = Release;
		};
		D5D273A01EE4CD50005BA456 /* Build configuration list for PBXNativeTarget "DreamLister" */ = {
			isa = XCConfigurationList;
			buildConfigurations = (
				D5D273A11EE4CD50005BA456 /* Debug */,
				D5D273A21EE4CD50005BA456 /* Release */,
			);
			defaultConfigurationIsVisible = 0;
			defaultConfigurationName = Release;
		};
/* End XCConfigurationList section */

/* Begin XCVersionGroup section */
		D5D273951EE4CD37005BA456 /* DreamLister.xcdatamodeld */ = {
			isa = XCVersionGroup;
			children = (
				D5D273961EE4CD38005BA456 /* DreamLister.xcdatamodel */,
			);
			currentVersion = D5D273961EE4CD38005BA456 /* DreamLister.xcdatamodel */;
			path = DreamLister.xcdatamodeld;
			sourceTree = "<group>";
			versionGroupType = wrapper.xcdatamodel;
		};
/* End XCVersionGroup section */
	};
	rootObject = D5D273831EE4CD19005BA456 /* Project object */;
}
